
Microsoft Visual Studio Solution File, Format Version 12.00
# Visual Studio 15
VisualStudioVersion = 15.0.28307.168
MinimumVisualStudioVersion = 10.0.40219.1
Project("{FAE04EC0-301F-11D3-BF4B-00C04F79EFBC}") = "HelloWorldConsole", "HelloWorldConsole\HelloWorldConsole.csproj", "{08D2FDBB-6E8B-4FB9-A0AD-7867813A37F9}"
EndProject
Project("{FAE04EC0-301F-11D3-BF4B-00C04F79EFBC}") = "BinaryTree", "BinaryTree\BinaryTree.csproj", "{076D592C-42CC-434D-985C-897A7B30DA5F}"
EndProject
Project("{FAE04EC0-301F-11D3-BF4B-00C04F79EFBC}") = "SnakeSchedule", "SnakeSchedule\SnakeSchedule.csproj", "{F1BB167B-4E1C-4CE5-90BC-3117D7C1B4A5}"
EndProject
Project("{FAE04EC0-301F-11D3-BF4B-00C04F79EFBC}") = "PrinterDemo", "PrinterDemo\PrinterDemo.csproj", "{35D47413-6FBC-4080-A61D-8ACB3151EA3D}"
EndProject
Project("{FAE04EC0-301F-11D3-BF4B-00C04F79EFBC}") = "NotificationIcon", "NotificationIcon\NotificationIcon.csproj", "{8E59CC93-3AC9-495F-815D-7232717C64F6}"
EndProject
Project("{FAE04EC0-301F-11D3-BF4B-00C04F79EFBC}") = "NotiIconWf", "NotiIconWf\NotiIconWf.csproj", "{8F0514C7-E228-4510-A78A-5CAB18FD9735}"
EndProject
Project("{FAE04EC0-301F-11D3-BF4B-00C04F79EFBC}") = "NotiSv", "NotiSv\NotiSv.csproj", "{FF4D09C1-FD51-4D28-B312-4DBE9278041F}"
EndProject
Global
	GlobalSection(SolutionConfigurationPlatforms) = preSolution
		Debug|Any CPU = Debug|Any CPU
		Release|Any CPU = Release|Any CPU
	EndGlobalSection
	GlobalSection(ProjectConfigurationPlatforms) = postSolution
		{08D2FDBB-6E8B-4FB9-A0AD-7867813A37F9}.Debug|Any CPU.ActiveCfg = Debug|Any CPU
		{08D2FDBB-6E8B-4FB9-A0AD-7867813A37F9}.Debug|Any CPU.Build.0 = Debug|Any CPU
		{08D2FDBB-6E8B-4FB9-A0AD-7867813A37F9}.Release|Any CPU.ActiveCfg = Release|Any CPU
		{08D2FDBB-6E8B-4FB9-A0AD-7867813A37F9}.Release|Any CPU.Build.0 = Release|Any CPU
		{076D592C-42CC-434D-985C-897A7B30DA5F}.Debug|Any CPU.ActiveCfg = Debug|Any CPU
		{076D592C-42CC-434D-985C-897A7B30DA5F}.Debug|Any CPU.Build.0 = Debug|Any CPU
		{076D592C-42CC-434D-985C-897A7B30DA5F}.Release|Any CPU.ActiveCfg = Release|Any CPU
		{076D592C-42CC-434D-985C-897A7B30DA5F}.Release|Any CPU.Build.0 = Release|Any CPU
		{F1BB167B-4E1C-4CE5-90BC-3117D7C1B4A5}.Debug|Any CPU.ActiveCfg = Debug|Any CPU
		{F1BB167B-4E1C-4CE5-90BC-3117D7C1B4A5}.Debug|Any CPU.Build.0 = Debug|Any CPU
		{F1BB167B-4E1C-4CE5-90BC-3117D7C1B4A5}.Release|Any CPU.ActiveCfg = Release|Any CPU
		{F1BB167B-4E1C-4CE5-90BC-3117D7C1B4A5}.Release|Any CPU.Build.0 = Release|Any CPU
		{35D47413-6FBC-4080-A61D-8ACB3151EA3D}.Debug|Any CPU.ActiveCfg = Debug|Any CPU
		{35D47413-6FBC-4080-A61D-8ACB3151EA3D}.Debug|Any CPU.Build.0 = Debug|Any CPU
		{35D47413-6FBC-4080-A61D-8ACB3151EA3D}.Release|Any CPU.ActiveCfg = Release|Any CPU
		{35D47413-6FBC-4080-A61D-8ACB3151EA3D}.Release|Any CPU.Build.0 = Release|Any CPU
		{8E59CC93-3AC9-495F-815D-7232717C64F6}.Debug|Any CPU.ActiveCfg = Debug|Any CPU
		{8E59CC93-3AC9-495F-815D-7232717C64F6}.Debug|Any CPU.Build.0 = Debug|Any CPU
		{8E59CC93-3AC9-495F-815D-7232717C64F6}.Release|Any CPU.ActiveCfg = Release|Any CPU
		{8E59CC93-3AC9-495F-815D-7232717C64F6}.Release|Any CPU.Build.0 = Release|Any CPU
		{8F0514C7-E228-4510-A78A-5CAB18FD9735}.Debug|Any CPU.ActiveCfg = Debug|Any CPU
		{8F0514C7-E228-4510-A78A-5CAB18FD9735}.Debug|Any CPU.Build.0 = Debug|Any CPU
		{8F0514C7-E228-4510-A78A-5CAB18FD9735}.Release|Any CPU.ActiveCfg = Release|Any CPU
		{8F0514C7-E228-4510-A78A-5CAB18FD9735}.Release|Any CPU.Build.0 = Release|Any CPU
		{FF4D09C1-FD51-4D28-B312-4DBE9278041F}.Debug|Any CPU.ActiveCfg = Debug|Any CPU
		{FF4D09C1-FD51-4D28-B312-4DBE9278041F}.Debug|Any CPU.Build.0 = Debug|Any CPU
		{FF4D09C1-FD51-4D28-B312-4DBE9278041F}.Release|Any CPU.ActiveCfg = Release|Any CPU
		{FF4D09C1-FD51-4D28-B312-4DBE9278041F}.Release|Any CPU.Build.0 = Release|Any CPU
	EndGlobalSection
	GlobalSection(SolutionProperties) = preSolution
		HideSolutionNode = FALSE
	EndGlobalSection
	GlobalSection(ExtensibilityGlobals) = postSolution
		SolutionGuid = {BE82C4EB-C216-4331-9D77-F1B9AB1362EA}
	EndGlobalSection
EndGlobal
